// !$*UTF8*$!
{
	archiveVersion = 1;
	classes = {
	};
	objectVersion = 54;
	objects = {

/* Begin PBXAggregateTarget section */
		F7EB6884198D5B9B0048E3C3 /* Build */ = {
			isa = PBXAggregateTarget;
			buildConfigurationList = F7EB6885198D5B9B0048E3C3 /* Build configuration list for PBXAggregateTarget "Build" */;
			buildPhases = (
			);
			dependencies = (
				F7EB6889198D5BAA0048E3C3 /* PBXTargetDependency */,
				1A0DB9CD2997674400E2E735 /* PBXTargetDependency */,
			);
			name = Build;
			productName = Build;
		};
/* End PBXAggregateTarget section */

/* Begin PBXBuildFile section */
		1A2642B72991802B00DD1D7D /* Cocoa.framework in Frameworks */ = {isa = PBXBuildFile; fileRef = 1058C7A1FEA54F0111CA2CBB /* Cocoa.framework */; };
		1A2642B82991802B00DD1D7D /* DiskArbitration.framework in Frameworks */ = {isa = PBXBuildFile; fileRef = C5BBEACA1249E2F1005282E7 /* DiskArbitration.framework */; };
		1A27B35B2A1C740D00BF1FF2 /* resources.cpp in Sources */ = {isa = PBXBuildFile; fileRef = 1A27B3592A1C740D00BF1FF2 /* resources.cpp */; };
		1A27B35D2A1C740D00BF1FF2 /* resources.cpp in Sources */ = {isa = PBXBuildFile; fileRef = 1A27B3592A1C740D00BF1FF2 /* resources.cpp */; };
		1A27B3602A1C741200BF1FF2 /* view.cpp in Sources */ = {isa = PBXBuildFile; fileRef = 1A27B35E2A1C741200BF1FF2 /* view.cpp */; };
		1A27B3622A1C741200BF1FF2 /* view.cpp in Sources */ = {isa = PBXBuildFile; fileRef = 1A27B35E2A1C741200BF1FF2 /* view.cpp */; };
		1A48F01D2AD29F4D004EE3D6 /* instance.cpp in Sources */ = {isa = PBXBuildFile; fileRef = 1A48F01B2AD29F4D004EE3D6 /* instance.cpp */; };
		1A48F01F2AD29F4D004EE3D6 /* instance.cpp in Sources */ = {isa = PBXBuildFile; fileRef = 1A48F01B2AD29F4D004EE3D6 /* instance.cpp */; };
		1A91D0E32D11A62700B547EE /* QuartzCore.framework in Frameworks */ = {isa = PBXBuildFile; fileRef = 1A91D0E22D11A62700B547EE /* QuartzCore.framework */; };
		1A91D0E52D11A62E00B547EE /* Metal.framework in Frameworks */ = {isa = PBXBuildFile; fileRef = 1A91D0E42D11A62E00B547EE /* Metal.framework */; };
		1A91D0E62D11A65900B547EE /* Metal.framework in Frameworks */ = {isa = PBXBuildFile; fileRef = 1A91D0E42D11A62E00B547EE /* Metal.framework */; };
		1A91D0E72D11A66200B547EE /* QuartzCore.framework in Frameworks */ = {isa = PBXBuildFile; fileRef = 1A91D0E22D11A62700B547EE /* QuartzCore.framework */; };
		1A91D0EA2D11A6B600B547EE /* QuartzCore.framework in Frameworks */ = {isa = PBXBuildFile; fileRef = 1A91D0E22D11A62700B547EE /* QuartzCore.framework */; };
		1A91D0EB2D11A6BE00B547EE /* Metal.framework in Frameworks */ = {isa = PBXBuildFile; fileRef = 1A91D0E42D11A62E00B547EE /* Metal.framework */; };
		1AA0F79E2C414E9400C00826 /* reflex_ext.cpp in Sources */ = {isa = PBXBuildFile; fileRef = 1AA0F79D2C414E9400C00826 /* reflex_ext.cpp */; };
		1AA0F79F2C414E9400C00826 /* reflex_ext.cpp in Sources */ = {isa = PBXBuildFile; fileRef = 1AA0F79D2C414E9400C00826 /* reflex_ext.cpp */; };
		1AA0F7A12C414E9400C00826 /* reflex_ext.cpp in Sources */ = {isa = PBXBuildFile; fileRef = 1AA0F79D2C414E9400C00826 /* reflex_ext.cpp */; };
		1AA0F7A92C414FD300C00826 /* entry.cpp in Sources */ = {isa = PBXBuildFile; fileRef = 1AA0F7A82C414FD300C00826 /* entry.cpp */; };
		1AA0F7AA2C414FD300C00826 /* entry.cpp in Sources */ = {isa = PBXBuildFile; fileRef = 1AA0F7A82C414FD300C00826 /* entry.cpp */; };
		1AA0F7AC2C414FD300C00826 /* entry.cpp in Sources */ = {isa = PBXBuildFile; fileRef = 1AA0F7A82C414FD300C00826 /* entry.cpp */; };
		1AA66B332F45E33B00163CAA /* entry.cpp in Sources */ = {isa = PBXBuildFile; fileRef = 1AA0F7A82C414FD300C00826 /* entry.cpp */; };
		1AA66B342F45E33B00163CAA /* resources.cpp in Sources */ = {isa = PBXBuildFile; fileRef = 1A27B3592A1C740D00BF1FF2 /* resources.cpp */; };
		1AA66B352F45E33B00163CAA /* view.cpp in Sources */ = {isa = PBXBuildFile; fileRef = 1A27B35E2A1C741200BF1FF2 /* view.cpp */; };
		1AA66B362F45E33B00163CAA /* reflex_ext.cpp in Sources */ = {isa = PBXBuildFile; fileRef = 1AA0F79D2C414E9400C00826 /* reflex_ext.cpp */; };
		1AA66B372F45E33B00163CAA /* instance.cpp in Sources */ = {isa = PBXBuildFile; fileRef = 1A48F01B2AD29F4D004EE3D6 /* instance.cpp */; };
		1AA66B392F45E33B00163CAA /* Cocoa.framework in Frameworks */ = {isa = PBXBuildFile; fileRef = 1058C7A1FEA54F0111CA2CBB /* Cocoa.framework */; };
		1AA66B3A2F45E33B00163CAA /* DiskArbitration.framework in Frameworks */ = {isa = PBXBuildFile; fileRef = C5BBEACA1249E2F1005282E7 /* DiskArbitration.framework */; };
		1AA66B3B2F45E33B00163CAA /* Metal.framework in Frameworks */ = {isa = PBXBuildFile; fileRef = 1A91D0E42D11A62E00B547EE /* Metal.framework */; };
		1AA66B3C2F45E33B00163CAA /* QuartzCore.framework in Frameworks */ = {isa = PBXBuildFile; fileRef = 1A91D0E22D11A62700B547EE /* QuartzCore.framework */; };
		1AD533402DE86F1D009184F0 /* paths.xcconfig in Resources */ = {isa = PBXBuildFile; fileRef = 1AD5333F2DE86F1D009184F0 /* paths.xcconfig */; };
		1AD8829A2F0A584E006F7FEF /* Assets.xcassets in Resources */ = {isa = PBXBuildFile; fileRef = 1AD882992F0A584E006F7FEF /* Assets.xcassets */; };
		1AE4E4172B18E11300DCE355 /* resources.cpp in Sources */ = {isa = PBXBuildFile; fileRef = 1A27B3592A1C740D00BF1FF2 /* resources.cpp */; };
		1AE4E41A2B18E11300DCE355 /* view.cpp in Sources */ = {isa = PBXBuildFile; fileRef = 1A27B35E2A1C741200BF1FF2 /* view.cpp */; };
		1AE4E41E2B18E11300DCE355 /* instance.cpp in Sources */ = {isa = PBXBuildFile; fileRef = 1A48F01B2AD29F4D004EE3D6 /* instance.cpp */; };
		1AE4E4252B18E11300DCE355 /* Cocoa.framework in Frameworks */ = {isa = PBXBuildFile; fileRef = 1058C7A1FEA54F0111CA2CBB /* Cocoa.framework */; };
		1AE4E4262B18E11300DCE355 /* DiskArbitration.framework in Frameworks */ = {isa = PBXBuildFile; fileRef = C5BBEACA1249E2F1005282E7 /* DiskArbitration.framework */; };
		1AE4E4282B18E11300DCE355 /* CoreMIDI.framework in Frameworks */ = {isa = PBXBuildFile; fileRef = C5C2ADB810950ECB0032CFF1 /* CoreMIDI.framework */; };
		1AE4E42A2B18E11300DCE355 /* CoreAudio.framework in Frameworks */ = {isa = PBXBuildFile; fileRef = C5C2ADB910950ECB0032CFF1 /* CoreAudio.framework */; };
		C535DC71148D6CF600CEFF15 /* AudioToolbox.framework in Frameworks */ = {isa = PBXBuildFile; fileRef = C535DC70148D6CF600CEFF15 /* AudioToolbox.framework */; };
		C5BF6507125C71E700B6AC3C /* AudioUnit.framework in Frameworks */ = {isa = PBXBuildFile; fileRef = C5BF6506125C71E700B6AC3C /* AudioUnit.framework */; };
		C5FA329C1251588200DF4FD4 /* DiskArbitration.framework in Frameworks */ = {isa = PBXBuildFile; fileRef = C5BBEACA1249E2F1005282E7 /* DiskArbitration.framework */; };
		C5FA32B01251588700DF4FD4 /* Cocoa.framework in Frameworks */ = {isa = PBXBuildFile; fileRef = 1058C7A1FEA54F0111CA2CBB /* Cocoa.framework */; };
/* End PBXBuildFile section */

/* Begin PBXContainerItemProxy section */
		1A0DB9CC2997674400E2E735 /* PBXContainerItemProxy */ = {
			isa = PBXContainerItemProxy;
			containerPortal = 29B97313FDCFA39411CA2CEA /* Project object */;
			proxyType = 1;
			remoteGlobalIDString = 1A26429A2991802B00DD1D7D;
			remoteInfo = VST3;
		};
		F7EB6888198D5BAA0048E3C3 /* PBXContainerItemProxy */ = {
			isa = PBXContainerItemProxy;
			containerPortal = 29B97313FDCFA39411CA2CEA /* Project object */;
			proxyType = 1;
			remoteGlobalIDString = C5FA32851251584200DF4FD4;
			remoteInfo = AudioUnit;
		};
/* End PBXContainerItemProxy section */

/* Begin PBXFileReference section */
		1058C7A1FEA54F0111CA2CBB /* Cocoa.framework */ = {isa = PBXFileReference; lastKnownFileType = wrapper.framework; name = Cocoa.framework; path = /System/Library/Frameworks/Cocoa.framework; sourceTree = "<absolute>"; };
		1A2642BF2991802B00DD1D7D /* _PRODUCT-NAME_.vst3 */ = {isa = PBXFileReference; explicitFileType = wrapper.cfbundle; includeInIndex = 0; path = "_PRODUCT-NAME_.vst3"; sourceTree = BUILT_PRODUCTS_DIR; };
		1A27B3592A1C740D00BF1FF2 /* resources.cpp */ = {isa = PBXFileReference; fileEncoding = 4; lastKnownFileType = sourcecode.cpp.cpp; name = resources.cpp; path = ../../code/resources.cpp; sourceTree = SOURCE_ROOT; };
		1A27B35E2A1C741200BF1FF2 /* view.cpp */ = {isa = PBXFileReference; fileEncoding = 4; lastKnownFileType = sourcecode.cpp.cpp; name = view.cpp; path = ../../code/view.cpp; sourceTree = SOURCE_ROOT; };
		1A48F01B2AD29F4D004EE3D6 /* instance.cpp */ = {isa = PBXFileReference; fileEncoding = 4; lastKnownFileType = sourcecode.cpp.cpp; name = instance.cpp; path = ../../code/instance.cpp; sourceTree = SOURCE_ROOT; };
		1A91D0E22D11A62700B547EE /* QuartzCore.framework */ = {isa = PBXFileReference; lastKnownFileType = wrapper.framework; name = QuartzCore.framework; path = System/Library/Frameworks/QuartzCore.framework; sourceTree = SDKROOT; };
		1A91D0E42D11A62E00B547EE /* Metal.framework */ = {isa = PBXFileReference; lastKnownFileType = wrapper.framework; name = Metal.framework; path = System/Library/Frameworks/Metal.framework; sourceTree = SDKROOT; };
		1AA0F79D2C414E9400C00826 /* reflex_ext.cpp */ = {isa = PBXFileReference; fileEncoding = 4; lastKnownFileType = sourcecode.cpp.cpp; name = reflex_ext.cpp; path = "$(REFLEX_PATH)/src/reflex_ext.cpp"; sourceTree = "<absolute>"; };
		1AA0F7A82C414FD300C00826 /* entry.cpp */ = {isa = PBXFileReference; fileEncoding = 4; lastKnownFileType = sourcecode.cpp.cpp; name = entry.cpp; path = ../../code/entry.cpp; sourceTree = SOURCE_ROOT; };
		1AA66B432F45E33B00163CAA /* _PRODUCT-NAME_.clap */ = {isa = PBXFileReference; explicitFileType = wrapper.cfbundle; includeInIndex = 0; path = "_PRODUCT-NAME_.clap"; sourceTree = BUILT_PRODUCTS_DIR; };
		1AD5333F2DE86F1D009184F0 /* paths.xcconfig */ = {isa = PBXFileReference; fileEncoding = 4; lastKnownFileType = text.xcconfig; path = paths.xcconfig; sourceTree = SOURCE_ROOT; };
		1AD882992F0A584E006F7FEF /* Assets.xcassets */ = {isa = PBXFileReference; lastKnownFileType = folder.assetcatalog; path = Assets.xcassets; sourceTree = "<group>"; };
		1AE4E42E2B18E11300DCE355 /* _PRODUCT-NAME_.app */ = {isa = PBXFileReference; explicitFileType = wrapper.application; includeInIndex = 0; path = "_PRODUCT-NAME_.app"; sourceTree = BUILT_PRODUCTS_DIR; };
		C535DC70148D6CF600CEFF15 /* AudioToolbox.framework */ = {isa = PBXFileReference; lastKnownFileType = wrapper.framework; name = AudioToolbox.framework; path = /System/Library/Frameworks/AudioToolbox.framework; sourceTree = "<absolute>"; };
		C5BBEACA1249E2F1005282E7 /* DiskArbitration.framework */ = {isa = PBXFileReference; lastKnownFileType = wrapper.framework; name = DiskArbitration.framework; path = /System/Library/Frameworks/DiskArbitration.framework; sourceTree = "<absolute>"; };
		C5BF6506125C71E700B6AC3C /* AudioUnit.framework */ = {isa = PBXFileReference; lastKnownFileType = wrapper.framework; name = AudioUnit.framework; path = /System/Library/Frameworks/AudioUnit.framework; sourceTree = "<absolute>"; };
		C5C2ADB810950ECB0032CFF1 /* CoreMIDI.framework */ = {isa = PBXFileReference; lastKnownFileType = wrapper.framework; name = CoreMIDI.framework; path = /System/Library/Frameworks/CoreMIDI.framework; sourceTree = "<absolute>"; };
		C5C2ADB910950ECB0032CFF1 /* CoreAudio.framework */ = {isa = PBXFileReference; lastKnownFileType = wrapper.framework; name = CoreAudio.framework; path = /System/Library/Frameworks/CoreAudio.framework; sourceTree = "<absolute>"; };
		C5FA32861251584200DF4FD4 /* _PRODUCT-NAME_.component */ = {isa = PBXFileReference; explicitFileType = wrapper.cfbundle; includeInIndex = 0; path = "_PRODUCT-NAME_.component"; sourceTree = BUILT_PRODUCTS_DIR; };
		DF8A2D4C264B843F0007967E /* HardenedRT.entitlements */ = {isa = PBXFileReference; lastKnownFileType = text.plist.entitlements; path = HardenedRT.entitlements; sourceTree = SOURCE_ROOT; };
/* End PBXFileReference section */

/* Begin PBXFrameworksBuildPhase section */
		1A2642B62991802B00DD1D7D /* Frameworks */ = {
			isa = PBXFrameworksBuildPhase;
			buildActionMask = 2147483647;
			files = (
				1A2642B72991802B00DD1D7D /* Cocoa.framework in Frameworks */,
				1A2642B82991802B00DD1D7D /* DiskArbitration.framework in Frameworks */,
				1A91D0EB2D11A6BE00B547EE /* Metal.framework in Frameworks */,
				1A91D0EA2D11A6B600B547EE /* QuartzCore.framework in Frameworks */,
			);
			runOnlyForDeploymentPostprocessing = 0;
		};
		1AA66B382F45E33B00163CAA /* Frameworks */ = {
			isa = PBXFrameworksBuildPhase;
			buildActionMask = 2147483647;
			files = (
				1AA66B392F45E33B00163CAA /* Cocoa.framework in Frameworks */,
				1AA66B3A2F45E33B00163CAA /* DiskArbitration.framework in Frameworks */,
				1AA66B3B2F45E33B00163CAA /* Metal.framework in Frameworks */,
				1AA66B3C2F45E33B00163CAA /* QuartzCore.framework in Frameworks */,
			);
			runOnlyForDeploymentPostprocessing = 0;
		};
		1AE4E41F2B18E11300DCE355 /* Frameworks */ = {
			isa = PBXFrameworksBuildPhase;
			buildActionMask = 2147483647;
			files = (
				1AE4E4252B18E11300DCE355 /* Cocoa.framework in Frameworks */,
				1AE4E4262B18E11300DCE355 /* DiskArbitration.framework in Frameworks */,
				1A91D0E32D11A62700B547EE /* QuartzCore.framework in Frameworks */,
				1A91D0E52D11A62E00B547EE /* Metal.framework in Frameworks */,
				1AE4E4282B18E11300DCE355 /* CoreMIDI.framework in Frameworks */,
				1AE4E42A2B18E11300DCE355 /* CoreAudio.framework in Frameworks */,
			);
			runOnlyForDeploymentPostprocessing = 0;
		};
		C5FA32841251584200DF4FD4 /* Frameworks */ = {
			isa = PBXFrameworksBuildPhase;
			buildActionMask = 2147483647;
			files = (
				C5FA32B01251588700DF4FD4 /* Cocoa.framework in Frameworks */,
				C5FA329C1251588200DF4FD4 /* DiskArbitration.framework in Frameworks */,
				1A91D0E72D11A66200B547EE /* QuartzCore.framework in Frameworks */,
				1A91D0E62D11A65900B547EE /* Metal.framework in Frameworks */,
				C5BF6507125C71E700B6AC3C /* AudioUnit.framework in Frameworks */,
				C535DC71148D6CF600CEFF15 /* AudioToolbox.framework in Frameworks */,
			);
			runOnlyForDeploymentPostprocessing = 0;
		};
/* End PBXFrameworksBuildPhase section */

/* Begin PBXGroup section */
		19C28FACFE9D520D11CA2CBB /* Products */ = {
			isa = PBXGroup;
			children = (
				C5FA32861251584200DF4FD4 /* _PRODUCT-NAME_.component */,
				1A2642BF2991802B00DD1D7D /* _PRODUCT-NAME_.vst3 */,
				1AE4E42E2B18E11300DCE355 /* _PRODUCT-NAME_.app */,
				1AA66B432F45E33B00163CAA /* _PRODUCT-NAME_.clap */,
			);
			name = Products;
			sourceTree = "<group>";
		};
		29B97314FDCFA39411CA2CEA /* Cocoa Metal */ = {
			isa = PBXGroup;
			children = (
				1AD5333F2DE86F1D009184F0 /* paths.xcconfig */,
				29B97323FDCFA39411CA2CEA /* Frameworks */,
				C52D65CF118B76FA00D45979 /* Reflex */,
				C5F37599127C6DEF0065C529 /* Resources */,
				1A48F01B2AD29F4D004EE3D6 /* instance.cpp */,
				1AA0F7A82C414FD300C00826 /* entry.cpp */,
				1A27B3592A1C740D00BF1FF2 /* resources.cpp */,
				1A27B35E2A1C741200BF1FF2 /* view.cpp */,
				19C28FACFE9D520D11CA2CBB /* Products */,
			);
			name = "Cocoa Metal";
			sourceTree = "<group>";
		};
		29B97323FDCFA39411CA2CEA /* Frameworks */ = {
			isa = PBXGroup;
			children = (
				1058C7A1FEA54F0111CA2CBB /* Cocoa.framework */,
				C5BBEACA1249E2F1005282E7 /* DiskArbitration.framework */,
				1A91D0E22D11A62700B547EE /* QuartzCore.framework */,
				1A91D0E42D11A62E00B547EE /* Metal.framework */,
				C5C2ADB810950ECB0032CFF1 /* CoreMIDI.framework */,
				C5C2ADB910950ECB0032CFF1 /* CoreAudio.framework */,
				C5BF6506125C71E700B6AC3C /* AudioUnit.framework */,
				C535DC70148D6CF600CEFF15 /* AudioToolbox.framework */,
			);
			name = Frameworks;
			sourceTree = "<group>";
		};
		C52D65CF118B76FA00D45979 /* Reflex */ = {
			isa = PBXGroup;
			children = (
				1AA0F79D2C414E9400C00826 /* reflex_ext.cpp */,
			);
			name = Reflex;
			sourceTree = "<group>";
		};
		C5F37599127C6DEF0065C529 /* Resources */ = {
			isa = PBXGroup;
			children = (
				1AD882992F0A584E006F7FEF /* Assets.xcassets */,
				DF8A2D4C264B843F0007967E /* HardenedRT.entitlements */,
			);
			name = Resources;
			sourceTree = "<group>";
		};
/* End PBXGroup section */

/* Begin PBXNativeTarget section */
		1A26429A2991802B00DD1D7D /* VST3 */ = {
			isa = PBXNativeTarget;
			buildConfigurationList = 1A2642BC2991802B00DD1D7D /* Build configuration list for PBXNativeTarget "VST3" */;
			buildPhases = (
				1AA032E92FEA370E00E06C23 /* Build Plist */,
				1A26429C2991802B00DD1D7D /* Sources */,
				1A2642B62991802B00DD1D7D /* Frameworks */,
			);
			buildRules = (
			);
			dependencies = (
			);
			name = VST3;
			productName = VST3;
			productReference = 1A2642BF2991802B00DD1D7D /* _PRODUCT-NAME_.vst3 */;
			productType = "com.apple.product-type.bundle";
		};
		1AA66B312F45E33B00163CAA /* CLAP */ = {
			isa = PBXNativeTarget;
			buildConfigurationList = 1AA66B402F45E33B00163CAA /* Build configuration list for PBXNativeTarget "CLAP" */;
			buildPhases = (
				1AA032EA2FEA377200E06C23 /* Build Plist */,
				1AA66B322F45E33B00163CAA /* Sources */,
				1AA66B382F45E33B00163CAA /* Frameworks */,
			);
			buildRules = (
			);
			dependencies = (
			);
			name = CLAP;
			productName = VST3;
			productReference = 1AA66B432F45E33B00163CAA /* _PRODUCT-NAME_.clap */;
			productType = "com.apple.product-type.bundle";
		};
		1AE4E4122B18E11300DCE355 /* App */ = {
			isa = PBXNativeTarget;
			buildConfigurationList = 1AE4E42B2B18E11300DCE355 /* Build configuration list for PBXNativeTarget "App" */;
			buildPhases = (
				1AA032E72FEA367200E06C23 /* Build Plist */,
				175245602CEA63CB00587791 /* Build Resources */,
				1AE4E41F2B18E11300DCE355 /* Frameworks */,
				1AE4E4152B18E11300DCE355 /* Sources */,
				1AE4E4132B18E11300DCE355 /* Resources */,
			);
			buildRules = (
			);
			dependencies = (
			);
			name = App;
			productInstallPath = "$(HOME)/Applications";
			productName = App;
			productReference = 1AE4E42E2B18E11300DCE355 /* _PRODUCT-NAME_.app */;
			productType = "com.apple.product-type.application";
		};
		C5FA32851251584200DF4FD4 /* AudioUnit */ = {
			isa = PBXNativeTarget;
			buildConfigurationList = C5FA328A1251584300DF4FD4 /* Build configuration list for PBXNativeTarget "AudioUnit" */;
			buildPhases = (
				1AA032E82FEA36D200E06C23 /* Build Plist */,
				C5FA32831251584200DF4FD4 /* Sources */,
				C5FA32841251584200DF4FD4 /* Frameworks */,
			);
			buildRules = (
			);
			dependencies = (
			);
			name = AudioUnit;
			productName = AudioUnit;
			productReference = C5FA32861251584200DF4FD4 /* _PRODUCT-NAME_.component */;
			productType = "com.apple.product-type.bundle";
		};
/* End PBXNativeTarget section */

/* Begin PBXProject section */
		29B97313FDCFA39411CA2CEA /* Project object */ = {
			isa = PBXProject;
			attributes = {
				BuildIndependentTargetsInParallel = YES;
				LastUpgradeCheck = 1530;
				TargetAttributes = {
					1A26429A2991802B00DD1D7D = {
						DevelopmentTeam = 273QXXSYVL;
						ProvisioningStyle = Manual;
					};
					C5FA32851251584200DF4FD4 = {
						DevelopmentTeam = 273QXXSYVL;
						ProvisioningStyle = Manual;
					};
					F7EB6884198D5B9B0048E3C3 = {
						DevelopmentTeam = 273QXXSYVL;
						ProvisioningStyle = Manual;
					};
				};
			};
			buildConfigurationList = C01FCF4E08A954540054247B /* Build configuration list for PBXProject "_PRODUCT-NAME_" */;
			compatibilityVersion = "Xcode 3.2";
			developmentRegion = en;
			hasScannedForEncodings = 1;
			knownRegions = (
				en,
				Base,
			);
			mainGroup = 29B97314FDCFA39411CA2CEA /* Cocoa Metal */;
			projectDirPath = "";
			projectRoot = "";
			targets = (
				1AE4E4122B18E11300DCE355 /* App */,
				C5FA32851251584200DF4FD4 /* AudioUnit */,
				1A26429A2991802B00DD1D7D /* VST3 */,
				1AA66B312F45E33B00163CAA /* CLAP */,
				F7EB6884198D5B9B0048E3C3 /* Build */,
			);
		};
/* End PBXProject section */

/* Begin PBXResourcesBuildPhase section */
		1AE4E4132B18E11300DCE355 /* Resources */ = {
			isa = PBXResourcesBuildPhase;
			buildActionMask = 2147483647;
			files = (
				1AD8829A2F0A584E006F7FEF /* Assets.xcassets in Resources */,
				1AD533402DE86F1D009184F0 /* paths.xcconfig in Resources */,
			);
			runOnlyForDeploymentPostprocessing = 0;
		};
/* End PBXResourcesBuildPhase section */

/* Begin PBXShellScriptBuildPhase section */
		175245602CEA63CB00587791 /* Build Resources */ = {
			isa = PBXShellScriptBuildPhase;
			alwaysOutOfDate = 1;
			buildActionMask = 2147483647;
			files = (
			);
			inputFileListPaths = (
			);
			inputPaths = (
			);
			name = "Build Resources";
			outputFileListPaths = (
			);
			outputPaths = (
			);
			runOnlyForDeploymentPostprocessing = 0;
			shellPath = /bin/sh;
			shellScript = "\"$REFLEX_PATH/bin/tools/macos/reflex\" build-resources --path \"$PROJECT_DIR/../../resources.xml\"\n";
			showEnvVarsInLog = 0;
		};
		1AA032E72FEA367200E06C23 /* Build Plist */ = {
			isa = PBXShellScriptBuildPhase;
			alwaysOutOfDate = 1;
			buildActionMask = 2147483647;
			files = (
			);
			inputFileListPaths = (
			);
			inputPaths = (
			);
			name = "Build Plist";
			outputFileListPaths = (
			);
			outputPaths = (
			);
			runOnlyForDeploymentPostprocessing = 0;
			shellPath = /bin/sh;
			shellScript = "\"$REFLEX_PATH/bin/tools/macos/reflex\" build-plist \\\n  --target audioapp \\\n  --output \"$PROJECT_DIR/standalone.plist\" \\\n  --product \"$PRODUCT_NAME\" \\\n  --bundle_id \"$PRODUCT_BUNDLE_IDENTIFIER\" \\\n  --version \"$PRODUCT_VERSION\"\n";
			showEnvVarsInLog = 0;
		};
		1AA032E82FEA36D200E06C23 /* Build Plist */ = {
			isa = PBXShellScriptBuildPhase;
			alwaysOutOfDate = 1;
			buildActionMask = 2147483647;
			files = (
			);
			inputFileListPaths = (
			);
			inputPaths = (
			);
			name = "Build Plist";
			outputFileListPaths = (
			);
			outputPaths = (
			);
			runOnlyForDeploymentPostprocessing = 0;
			shellPath = /bin/sh;
			shellScript = "\"$REFLEX_PATH/bin/tools/macos/reflex\" build-plist \\\n  --target au \\\n  --output \"$PROJECT_DIR/audiounit.plist\" \\\n  --product \"$PRODUCT_NAME\" \\\n  --bundle_id \"$PRODUCT_BUNDLE_IDENTIFIER\" \\\n  --version \"$PRODUCT_VERSION\" \\\n  --vendor \"$VENDOR_NAME\" \\\n  --au_type \"$AU_TYPE_4CC\" \\\n  --au_subtype \"$AU_UID_4CC\" \\\n  --au_manufacturer \"$AU_VENDOR_4CC\"\n";
			showEnvVarsInLog = 0;
		};
		1AA032E92FEA370E00E06C23 /* Build Plist */ = {
			isa = PBXShellScriptBuildPhase;
			alwaysOutOfDate = 1;
			buildActionMask = 2147483647;
			files = (
			);
			inputFileListPaths = (
			);
			inputPaths = (
			);
			name = "Build Plist";
			outputFileListPaths = (
			);
			outputPaths = (
			);
			runOnlyForDeploymentPostprocessing = 0;
			shellPath = /bin/sh;
			shellScript = "\"$REFLEX_PATH/bin/tools/macos/reflex\" build-plist \\\n  --target vst3 \\\n  --output \"$PROJECT_DIR/vst3.plist\" \\\n  --product \"$PRODUCT_NAME\" \\\n  --bundle_id \"$PRODUCT_BUNDLE_IDENTIFIER\" \\\n  --version \"$PRODUCT_VERSION\"\n";
			showEnvVarsInLog = 0;
		};
		1AA032EA2FEA377200E06C23 /* Build Plist */ = {
			isa = PBXShellScriptBuildPhase;
			alwaysOutOfDate = 1;
			buildActionMask = 2147483647;
			files = (
			);
			inputFileListPaths = (
			);
			inputPaths = (
			);
			name = "Build Plist";
			outputFileListPaths = (
			);
			outputPaths = (
			);
			runOnlyForDeploymentPostprocessing = 0;
			shellPath = /bin/sh;
			shellScript = "\"$REFLEX_PATH/bin/tools/macos/reflex\" build-plist \\\n  --target clap \\\n  --output \"$PROJECT_DIR/clap.plist\" \\\n  --product \"$PRODUCT_NAME\" \\\n  --bundle_id \"$PRODUCT_BUNDLE_IDENTIFIER\" \\\n  --version \"$PRODUCT_VERSION\"\n";
			showEnvVarsInLog = 0;
		};
/* End PBXShellScriptBuildPhase section */

/* Begin PBXSourcesBuildPhase section */
		1A26429C2991802B00DD1D7D /* Sources */ = {
			isa = PBXSourcesBuildPhase;
			buildActionMask = 2147483647;
			files = (
				1AA0F7AC2C414FD300C00826 /* entry.cpp in Sources */,
				1A27B35D2A1C740D00BF1FF2 /* resources.cpp in Sources */,
				1A27B3622A1C741200BF1FF2 /* view.cpp in Sources */,
				1AA0F7A12C414E9400C00826 /* reflex_ext.cpp in Sources */,
				1A48F01F2AD29F4D004EE3D6 /* instance.cpp in Sources */,
			);
			runOnlyForDeploymentPostprocessing = 0;
		};
		1AA66B322F45E33B00163CAA /* Sources */ = {
			isa = PBXSourcesBuildPhase;
			buildActionMask = 2147483647;
			files = (
				1AA66B332F45E33B00163CAA /* entry.cpp in Sources */,
				1AA66B342F45E33B00163CAA /* resources.cpp in Sources */,
				1AA66B352F45E33B00163CAA /* view.cpp in Sources */,
				1AA66B362F45E33B00163CAA /* reflex_ext.cpp in Sources */,
				1AA66B372F45E33B00163CAA /* instance.cpp in Sources */,
			);
			runOnlyForDeploymentPostprocessing = 0;
		};
		1AE4E4152B18E11300DCE355 /* Sources */ = {
			isa = PBXSourcesBuildPhase;
			buildActionMask = 2147483647;
			files = (
				1AA0F7A92C414FD300C00826 /* entry.cpp in Sources */,
				1AE4E4172B18E11300DCE355 /* resources.cpp in Sources */,
				1AE4E41A2B18E11300DCE355 /* view.cpp in Sources */,
				1AA0F79E2C414E9400C00826 /* reflex_ext.cpp in Sources */,
				1AE4E41E2B18E11300DCE355 /* instance.cpp in Sources */,
			);
			runOnlyForDeploymentPostprocessing = 0;
		};
		C5FA32831251584200DF4FD4 /* Sources */ = {
			isa = PBXSourcesBuildPhase;
			buildActionMask = 2147483647;
			files = (
				1AA0F7AA2C414FD300C00826 /* entry.cpp in Sources */,
				1A27B35B2A1C740D00BF1FF2 /* resources.cpp in Sources */,
				1A27B3602A1C741200BF1FF2 /* view.cpp in Sources */,
				1AA0F79F2C414E9400C00826 /* reflex_ext.cpp in Sources */,
				1A48F01D2AD29F4D004EE3D6 /* instance.cpp in Sources */,
			);
			runOnlyForDeploymentPostprocessing = 0;
		};
/* End PBXSourcesBuildPhase section */

/* Begin PBXTargetDependency section */
		1A0DB9CD2997674400E2E735 /* PBXTargetDependency */ = {
			isa = PBXTargetDependency;
			target = 1A26429A2991802B00DD1D7D /* VST3 */;
			targetProxy = 1A0DB9CC2997674400E2E735 /* PBXContainerItemProxy */;
		};
		F7EB6889198D5BAA0048E3C3 /* PBXTargetDependency */ = {
			isa = PBXTargetDependency;
			target = C5FA32851251584200DF4FD4 /* AudioUnit */;
			targetProxy = F7EB6888198D5BAA0048E3C3 /* PBXContainerItemProxy */;
		};
/* End PBXTargetDependency section */

/* Begin XCBuildConfiguration section */
		1A2642BD2991802B00DD1D7D /* Debug */ = {
			isa = XCBuildConfiguration;
			buildSettings = {
				EXPORTED_SYMBOLS_FILE = "$(REFLEX_PATH)/resources/macos/vst3_exports.txt";
				INFOPLIST_FILE = "$(PROJECT_DIR)/vst3.plist";
				MACH_O_TYPE = mh_dylib;
				OTHER_LDFLAGS = (
					"-lReflexCommon",
					"-lReflexCommonUi",
					"-lReflexCommonVm",
					"-lReflexCommonVmUi",
					"-lReflexTargetVST3",
				);
				WRAPPER_EXTENSION = vst3;
			};
			name = Debug;
		};
		1A2642BE2991802B00DD1D7D /* Release */ = {
			isa = XCBuildConfiguration;
			buildSettings = {
				EXPORTED_SYMBOLS_FILE = "$(REFLEX_PATH)/resources/macos/vst3_exports.txt";
				INFOPLIST_FILE = "$(PROJECT_DIR)/vst3.plist";
				MACH_O_TYPE = mh_dylib;
				OTHER_LDFLAGS = (
					"-lReflexCommon",
					"-lReflexCommonUi",
					"-lReflexCommonVm",
					"-lReflexCommonVmUi",
					"-lReflexTargetVST3",
				);
				WRAPPER_EXTENSION = vst3;
			};
			name = Release;
		};
		1AA66B412F45E33B00163CAA /* Debug */ = {
			isa = XCBuildConfiguration;
			buildSettings = {
				EXPORTED_SYMBOLS_FILE = "$(REFLEX_PATH)/resources/macos/clap_exports.txt";
				INFOPLIST_FILE = "$(PROJECT_DIR)/clap.plist";
				MACH_O_TYPE = mh_dylib;
				OTHER_LDFLAGS = (
					"-lReflexCommon",
					"-lReflexCommonUi",
					"-lReflexCommonVm",
					"-lReflexCommonVmUi",
					"-lReflexTargetCLAP",
				);
				WRAPPER_EXTENSION = clap;
			};
			name = Debug;
		};
		1AA66B422F45E33B00163CAA /* Release */ = {
			isa = XCBuildConfiguration;
			buildSettings = {
				EXPORTED_SYMBOLS_FILE = "$(REFLEX_PATH)/resources/macos/clap_exports.txt";
				INFOPLIST_FILE = "$(PROJECT_DIR)/clap.plist";
				MACH_O_TYPE = mh_dylib;
				OTHER_LDFLAGS = (
					"-lReflexCommon",
					"-lReflexCommonUi",
					"-lReflexCommonVm",
					"-lReflexCommonVmUi",
					"-lReflexTargetCLAP",
				);
				WRAPPER_EXTENSION = clap;
			};
			name = Release;
		};
		1AE4E42C2B18E11300DCE355 /* Debug */ = {
			isa = XCBuildConfiguration;
			buildSettings = {
				ASSETCATALOG_COMPILER_APPICON_NAME = AppIcon;
				INFOPLIST_FILE = "$(PROJECT_DIR)/standalone.plist";
				OTHER_LDFLAGS = (
					"-lReflexCommon",
					"-lReflexCommonUi",
					"-lReflexCommonVm",
					"-lReflexCommonVmUi",
					"-lReflexTargetAudioApp",
				);
			};
			name = Debug;
		};
		1AE4E42D2B18E11300DCE355 /* Release */ = {
			isa = XCBuildConfiguration;
			buildSettings = {
				ASSETCATALOG_COMPILER_APPICON_NAME = AppIcon;
				INFOPLIST_FILE = "$(PROJECT_DIR)/standalone.plist";
				OTHER_LDFLAGS = (
					"-lReflexCommon",
					"-lReflexCommonUi",
					"-lReflexCommonVm",
					"-lReflexCommonVmUi",
					"-lReflexTargetAudioApp",
				);
			};
			name = Release;
		};
		C01FCF4F08A954540054247B /* Debug */ = {
			isa = XCBuildConfiguration;
			baseConfigurationReference = 1AD5333F2DE86F1D009184F0 /* paths.xcconfig */;
			buildSettings = {
				ALWAYS_SEARCH_USER_PATHS = NO;
				AU_TYPE_4CC = aufx;
				AU_UID_4CC = "_PRODUCT-4CC_";
				AU_VENDOR_4CC = "_VENDOR-4CC_";
				CLANG_CXX_LANGUAGE_STANDARD = "c++20";
				CLANG_CXX_LIBRARY = "libc++";
				CLANG_ENABLE_MODULES = YES;
				CLANG_WARN_BLOCK_CAPTURE_AUTORELEASING = YES;
				CLANG_WARN_BOOL_CONVERSION = YES;
				CLANG_WARN_COMMA = YES;
				CLANG_WARN_CONSTANT_CONVERSION = YES;
				CLANG_WARN_DEPRECATED_OBJC_IMPLEMENTATIONS = YES;
				CLANG_WARN_EMPTY_BODY = YES;
				CLANG_WARN_ENUM_CONVERSION = YES;
				CLANG_WARN_INFINITE_RECURSION = YES;
				CLANG_WARN_INT_CONVERSION = YES;
				CLANG_WARN_NON_LITERAL_NULL_CONVERSION = YES;
				CLANG_WARN_OBJC_IMPLICIT_RETAIN_SELF = YES;
				CLANG_WARN_OBJC_LITERAL_CONVERSION = YES;
				CLANG_WARN_OBJC_ROOT_CLASS = YES_ERROR;
				CLANG_WARN_QUOTED_INCLUDE_IN_FRAMEWORK_HEADER = YES;
				CLANG_WARN_RANGE_LOOP_ANALYSIS = YES;
				CLANG_WARN_STRICT_PROTOTYPES = YES;
				CLANG_WARN_SUSPICIOUS_MOVE = YES;
				CLANG_WARN_UNREACHABLE_CODE = YES;
				CLANG_WARN__DUPLICATE_METHOD_MATCH = YES;
				CODE_SIGN_ENTITLEMENTS = HardenedRT.entitlements;
				CODE_SIGN_STYLE = Manual;
				COMBINE_HIDPI_IMAGES = YES;
				DEAD_CODE_STRIPPING = YES;
				ENABLE_HARDENED_RUNTIME = YES;
				ENABLE_STRICT_OBJC_MSGSEND = YES;
				ENABLE_TESTABILITY = YES;
				ENABLE_USER_SCRIPT_SANDBOXING = NO;
				GCC_ENABLE_CPP_RTTI = NO;
				GCC_FAST_MATH = YES;
				GCC_NO_COMMON_BLOCKS = YES;
				GCC_OPTIMIZATION_LEVEL = 0;
				GCC_PREPROCESSOR_DEFINITIONS = (
					"DEBUG=1",
					REFLEX_BOOTSTRAP_TYPE_AUDIOPLUGIN,
					"PRODUCT_VERSION=$(PRODUCT_VERSION)",
					"$(inherited)",
				);
				GCC_WARN_64_TO_32_BIT_CONVERSION = YES;
				GCC_WARN_ABOUT_RETURN_TYPE = YES_ERROR;
				GCC_WARN_UNDECLARED_SELECTOR = YES;
				GCC_WARN_UNINITIALIZED_AUTOS = YES_AGGRESSIVE;
				GCC_WARN_UNKNOWN_PRAGMAS = YES;
				GCC_WARN_UNUSED_FUNCTION = YES;
				GCC_WARN_UNUSED_LABEL = YES;
				GCC_WARN_UNUSED_VARIABLE = YES;
				GENERATE_PKGINFO_FILE = YES;
				LIBRARY_SEARCH_PATHS = "\"$(REFLEX_PATH)/bin/lib/macos/Debug\"";
				MACOSX_DEPLOYMENT_TARGET = 11.0;
				ONLY_ACTIVE_ARCH = YES;
				OTHER_CFLAGS = "-ffast-math";
				OTHER_CPLUSPLUSFLAGS = (
					"-fpermissive",
					"$(OTHER_CFLAGS)",
				);
				PRODUCT_BUNDLE_IDENTIFIER = "com._PACKAGE-ID-VENDOR_._PACKAGE-ID-PRODUCT_";
				PRODUCT_NAME = "_PRODUCT-NAME_";
				SDKROOT = macosx;
				STANDARD_C_PLUS_PLUS_LIBRARY_TYPE = static;
				USER_HEADER_SEARCH_PATHS = "\"$(REFLEX_PATH)/include\"";
				VENDOR_NAME = "_VENDOR-NAME_";
				PRODUCT_VERSION = 1.0.0;
			};
			name = Debug;
		};
		C01FCF5008A954540054247B /* Release */ = {
			isa = XCBuildConfiguration;
			baseConfigurationReference = 1AD5333F2DE86F1D009184F0 /* paths.xcconfig */;
			buildSettings = {
				ALWAYS_SEARCH_USER_PATHS = NO;
				AU_TYPE_4CC = aufx;
				AU_UID_4CC = "_PRODUCT-4CC_";
				AU_VENDOR_4CC = "_VENDOR-4CC_";
				CLANG_CXX_LANGUAGE_STANDARD = "c++20";
				CLANG_CXX_LIBRARY = "libc++";
				CLANG_ENABLE_MODULES = YES;
				CLANG_WARN_BLOCK_CAPTURE_AUTORELEASING = YES;
				CLANG_WARN_BOOL_CONVERSION = YES;
				CLANG_WARN_COMMA = YES;
				CLANG_WARN_CONSTANT_CONVERSION = YES;
				CLANG_WARN_DEPRECATED_OBJC_IMPLEMENTATIONS = YES;
				CLANG_WARN_EMPTY_BODY = YES;
				CLANG_WARN_ENUM_CONVERSION = YES;
				CLANG_WARN_INFINITE_RECURSION = YES;
				CLANG_WARN_INT_CONVERSION = YES;
				CLANG_WARN_NON_LITERAL_NULL_CONVERSION = YES;
				CLANG_WARN_OBJC_IMPLICIT_RETAIN_SELF = YES;
				CLANG_WARN_OBJC_LITERAL_CONVERSION = YES;
				CLANG_WARN_OBJC_ROOT_CLASS = YES_ERROR;
				CLANG_WARN_QUOTED_INCLUDE_IN_FRAMEWORK_HEADER = YES;
				CLANG_WARN_RANGE_LOOP_ANALYSIS = YES;
				CLANG_WARN_STRICT_PROTOTYPES = YES;
				CLANG_WARN_SUSPICIOUS_MOVE = YES;
				CLANG_WARN_UNREACHABLE_CODE = YES;
				CLANG_WARN__DUPLICATE_METHOD_MATCH = YES;
				CODE_SIGN_ENTITLEMENTS = HardenedRT.entitlements;
				CODE_SIGN_INJECT_BASE_ENTITLEMENTS = NO;
				CODE_SIGN_STYLE = Manual;
				COMBINE_HIDPI_IMAGES = YES;
				DEAD_CODE_STRIPPING = YES;
				ENABLE_HARDENED_RUNTIME = YES;
				ENABLE_NS_ASSERTIONS = NO;
				ENABLE_STRICT_OBJC_MSGSEND = YES;
				ENABLE_USER_SCRIPT_SANDBOXING = NO;
				GCC_ENABLE_CPP_RTTI = NO;
				GCC_FAST_MATH = YES;
				GCC_GENERATE_DEBUGGING_SYMBOLS = NO;
				GCC_NO_COMMON_BLOCKS = YES;
				GCC_OPTIMIZATION_LEVEL = 2;
				GCC_PREPROCESSOR_DEFINITIONS = (
					REFLEX_BOOTSTRAP_TYPE_AUDIOPLUGIN,
					"PRODUCT_VERSION=$(PRODUCT_VERSION)",
					"$(inherited)",
				);
				GCC_UNROLL_LOOPS = YES;
				GCC_WARN_64_TO_32_BIT_CONVERSION = YES;
				GCC_WARN_ABOUT_RETURN_TYPE = YES_ERROR;
				GCC_WARN_UNDECLARED_SELECTOR = YES;
				GCC_WARN_UNINITIALIZED_AUTOS = YES_AGGRESSIVE;
				GCC_WARN_UNKNOWN_PRAGMAS = YES;
				GCC_WARN_UNUSED_FUNCTION = YES;
				GCC_WARN_UNUSED_LABEL = YES;
				GCC_WARN_UNUSED_VARIABLE = YES;
				GENERATE_PKGINFO_FILE = YES;
				LIBRARY_SEARCH_PATHS = "\"$(REFLEX_PATH)/bin/lib/macos/Release\"";
				MACOSX_DEPLOYMENT_TARGET = 11.0;
				OTHER_CFLAGS = "-ffast-math";
				OTHER_CPLUSPLUSFLAGS = (
					"-fpermissive",
					"$(OTHER_CFLAGS)",
				);
				PRODUCT_BUNDLE_IDENTIFIER = "com._PACKAGE-ID-VENDOR_._PACKAGE-ID-PRODUCT_";
				PRODUCT_NAME = "_PRODUCT-NAME_";
				SDKROOT = macosx;
				STANDARD_C_PLUS_PLUS_LIBRARY_TYPE = static;
				USER_HEADER_SEARCH_PATHS = "\"$(REFLEX_PATH)/include\"";
				VENDOR_NAME = "_VENDOR-NAME_";
				PRODUCT_VERSION = 1.0.0;
			};
			name = Release;
		};
		C5FA32881251584300DF4FD4 /* Debug */ = {
			isa = XCBuildConfiguration;
			buildSettings = {
				EXPORTED_SYMBOLS_FILE = "$(REFLEX_PATH)/resources/macos/AudioUnit_exports.txt";
				GCC_PREPROCESSOR_DEFINITIONS = (
					"AU_TYPE_4CC=$(AU_TYPE_4CC)",
					"$(inherited)",
				);
				INFOPLIST_FILE = "$(PROJECT_DIR)/audiounit.plist";
				MACH_O_TYPE = mh_dylib;
				OTHER_LDFLAGS = (
					"-lReflexCommon",
					"-lReflexCommonUi",
					"-lReflexCommonVm",
					"-lReflexCommonVmUi",
					"-lReflexTargetAU",
				);
				WRAPPER_EXTENSION = component;
			};
			name = Debug;
		};
		C5FA32891251584300DF4FD4 /* Release */ = {
			isa = XCBuildConfiguration;
			buildSettings = {
				EXPORTED_SYMBOLS_FILE = "$(REFLEX_PATH)/resources/macos/AudioUnit_exports.txt";
				GCC_PREPROCESSOR_DEFINITIONS = (
					"AU_TYPE_4CC=$(AU_TYPE_4CC)",
					"$(inherited)",
				);
				INFOPLIST_FILE = "$(PROJECT_DIR)/audiounit.plist";
				MACH_O_TYPE = mh_dylib;
				OTHER_LDFLAGS = (
					"-lReflexCommon",
					"-lReflexCommonUi",
					"-lReflexCommonVm",
					"-lReflexCommonVmUi",
					"-lReflexTargetAU",
				);
				WRAPPER_EXTENSION = component;
			};
			name = Release;
		};
		F7EB6886198D5B9B0048E3C3 /* Debug */ = {
			isa = XCBuildConfiguration;
			buildSettings = {
			};
			name = Debug;
		};
		F7EB6887198D5B9B0048E3C3 /* Release */ = {
			isa = XCBuildConfiguration;
			buildSettings = {
			};
			name = Release;
		};
/* End XCBuildConfiguration section */

/* Begin XCConfigurationList section */
		1A2642BC2991802B00DD1D7D /* Build configuration list for PBXNativeTarget "VST3" */ = {
			isa = XCConfigurationList;
			buildConfigurations = (
				1A2642BD2991802B00DD1D7D /* Debug */,
				1A2642BE2991802B00DD1D7D /* Release */,
			);
			defaultConfigurationIsVisible = 0;
			defaultConfigurationName = Release;
		};
		1AA66B402F45E33B00163CAA /* Build configuration list for PBXNativeTarget "CLAP" */ = {
			isa = XCConfigurationList;
			buildConfigurations = (
				1AA66B412F45E33B00163CAA /* Debug */,
				1AA66B422F45E33B00163CAA /* Release */,
			);
			defaultConfigurationIsVisible = 0;
			defaultConfigurationName = Release;
		};
		1AE4E42B2B18E11300DCE355 /* Build configuration list for PBXNativeTarget "App" */ = {
			isa = XCConfigurationList;
			buildConfigurations = (
				1AE4E42C2B18E11300DCE355 /* Debug */,
				1AE4E42D2B18E11300DCE355 /* Release */,
			);
			defaultConfigurationIsVisible = 0;
			defaultConfigurationName = Release;
		};
		C01FCF4E08A954540054247B /* Build configuration list for PBXProject "_PRODUCT-NAME_" */ = {
			isa = XCConfigurationList;
			buildConfigurations = (
				C01FCF4F08A954540054247B /* Debug */,
				C01FCF5008A954540054247B /* Release */,
			);
			defaultConfigurationIsVisible = 0;
			defaultConfigurationName = Release;
		};
		C5FA328A1251584300DF4FD4 /* Build configuration list for PBXNativeTarget "AudioUnit" */ = {
			isa = XCConfigurationList;
			buildConfigurations = (
				C5FA32881251584300DF4FD4 /* Debug */,
				C5FA32891251584300DF4FD4 /* Release */,
			);
			defaultConfigurationIsVisible = 0;
			defaultConfigurationName = Release;
		};
		F7EB6885198D5B9B0048E3C3 /* Build configuration list for PBXAggregateTarget "Build" */ = {
			isa = XCConfigurationList;
			buildConfigurations = (
				F7EB6886198D5B9B0048E3C3 /* Debug */,
				F7EB6887198D5B9B0048E3C3 /* Release */,
			);
			defaultConfigurationIsVisible = 0;
			defaultConfigurationName = Release;
		};
/* End XCConfigurationList section */
	};
	rootObject = 29B97313FDCFA39411CA2CEA /* Project object */;
}
