// !$*UTF8*$!
{
	archiveVersion = 1;
	classes = {
	};
	objectVersion = 56;
	objects = {

/* Begin PBXBuildFile section */
		1A78F8DF2C46B1A00082B727 /* Cocoa.framework in Frameworks */ = {isa = PBXBuildFile; fileRef = 1A78F8DE2C46B1A00082B727 /* Cocoa.framework */; };
		1A78F8E12C46B1A40082B727 /* DiskArbitration.framework in Frameworks */ = {isa = PBXBuildFile; fileRef = 1A78F8E02C46B1A40082B727 /* DiskArbitration.framework */; };
		1AB907D22C43B13F00C7668A /* main.cpp in Sources */ = {isa = PBXBuildFile; fileRef = 1AB907D12C43B13F00C7668A /* main.cpp */; };
		1AC320E42DE879A60052AF30 /* entry.cpp in Sources */ = {isa = PBXBuildFile; fileRef = 1AC320E32DE879A60052AF30 /* entry.cpp */; };
/* End PBXBuildFile section */

/* Begin PBXCopyFilesBuildPhase section */
		1AB907C02C43AF1800C7668A /* CopyFiles */ = {
			isa = PBXCopyFilesBuildPhase;
			buildActionMask = 2147483647;
			dstPath = /usr/share/man/man1/;
			dstSubfolderSpec = 0;
			files = (
			);
			runOnlyForDeploymentPostprocessing = 1;
		};
/* End PBXCopyFilesBuildPhase section */

/* Begin PBXFileReference section */
		1A35FF6A2DE8725700474805 /* paths.xcconfig */ = {isa = PBXFileReference; fileEncoding = 4; lastKnownFileType = text.xcconfig; path = paths.xcconfig; sourceTree = SOURCE_ROOT; };
		1A78F8DE2C46B1A00082B727 /* Cocoa.framework */ = {isa = PBXFileReference; lastKnownFileType = wrapper.framework; name = Cocoa.framework; path = System/Library/Frameworks/Cocoa.framework; sourceTree = SDKROOT; };
		1A78F8E02C46B1A40082B727 /* DiskArbitration.framework */ = {isa = PBXFileReference; lastKnownFileType = wrapper.framework; name = DiskArbitration.framework; path = System/Library/Frameworks/DiskArbitration.framework; sourceTree = SDKROOT; };
		1AB907C22C43AF1800C7668A /* _PRODUCT-NAME_ */ = {isa = PBXFileReference; explicitFileType = "compiled.mach-o.executable"; includeInIndex = 0; path = "_PRODUCT-NAME_"; sourceTree = BUILT_PRODUCTS_DIR; };
		1AB907D12C43B13F00C7668A /* main.cpp */ = {isa = PBXFileReference; fileEncoding = 4; lastKnownFileType = sourcecode.cpp.cpp; name = main.cpp; path = ../../code/main.cpp; sourceTree = SOURCE_ROOT; };
		1AC320E32DE879A60052AF30 /* entry.cpp */ = {isa = PBXFileReference; fileEncoding = 4; lastKnownFileType = sourcecode.cpp.cpp; name = entry.cpp; path = ../../code/entry.cpp; sourceTree = SOURCE_ROOT; };
/* End PBXFileReference section */

/* Begin PBXFrameworksBuildPhase section */
		1AB907BF2C43AF1800C7668A /* Frameworks */ = {
			isa = PBXFrameworksBuildPhase;
			buildActionMask = 2147483647;
			files = (
				1A78F8DF2C46B1A00082B727 /* Cocoa.framework in Frameworks */,
				1A78F8E12C46B1A40082B727 /* DiskArbitration.framework in Frameworks */,
			);
			runOnlyForDeploymentPostprocessing = 0;
		};
/* End PBXFrameworksBuildPhase section */

/* Begin PBXGroup section */
		1A78F8DD2C46B17F0082B727 /* Frameworks */ = {
			isa = PBXGroup;
			children = (
				1A78F8E02C46B1A40082B727 /* DiskArbitration.framework */,
				1A78F8DE2C46B1A00082B727 /* Cocoa.framework */,
			);
			name = Frameworks;
			sourceTree = "<group>";
		};
		1AB907B92C43AF1800C7668A = {
			isa = PBXGroup;
			children = (
				1A35FF6A2DE8725700474805 /* paths.xcconfig */,
				1A78F8DD2C46B17F0082B727 /* Frameworks */,
				1AB907D12C43B13F00C7668A /* main.cpp */,
				1AC320E32DE879A60052AF30 /* entry.cpp */,
				1AB907C32C43AF1800C7668A /* Products */,
			);
			sourceTree = "<group>";
		};
		1AB907C32C43AF1800C7668A /* Products */ = {
			isa = PBXGroup;
			children = (
				1AB907C22C43AF1800C7668A /* _PRODUCT-NAME_ */,
			);
			name = Products;
			sourceTree = "<group>";
		};
/* End PBXGroup section */

/* Begin PBXNativeTarget section */
		1AB907C12C43AF1800C7668A /* _PRODUCT-NAME_ */ = {
			isa = PBXNativeTarget;
			buildConfigurationList = 1AB907C92C43AF1800C7668A /* Build configuration list for PBXNativeTarget "_PRODUCT-NAME_" */;
			buildPhases = (
				1AB907BE2C43AF1800C7668A /* Sources */,
				1AB907BF2C43AF1800C7668A /* Frameworks */,
				1AB907C02C43AF1800C7668A /* CopyFiles */,
			);
			buildRules = (
			);
			dependencies = (
			);
			name = "_PRODUCT-NAME_";
			productName = "_PRODUCT-NAME_";
			productReference = 1AB907C22C43AF1800C7668A /* _PRODUCT-NAME_ */;
			productType = "com.apple.product-type.tool";
		};
/* End PBXNativeTarget section */

/* Begin PBXProject section */
		1AB907BA2C43AF1800C7668A /* Project object */ = {
			isa = PBXProject;
			attributes = {
				BuildIndependentTargetsInParallel = 1;
				LastUpgradeCheck = 1530;
				TargetAttributes = {
					1AB907C12C43AF1800C7668A = {
						CreatedOnToolsVersion = 15.3;
					};
				};
			};
			buildConfigurationList = 1AB907BD2C43AF1800C7668A /* Build configuration list for PBXProject "_PRODUCT-NAME_" */;
			compatibilityVersion = "Xcode 14.0";
			developmentRegion = en;
			hasScannedForEncodings = 0;
			knownRegions = (
				en,
				Base,
			);
			mainGroup = 1AB907B92C43AF1800C7668A;
			productRefGroup = 1AB907C32C43AF1800C7668A /* Products */;
			projectDirPath = "";
			projectRoot = "";
			targets = (
				1AB907C12C43AF1800C7668A /* _PRODUCT-NAME_ */,
			);
		};
/* End PBXProject section */

/* Begin PBXSourcesBuildPhase section */
		1AB907BE2C43AF1800C7668A /* Sources */ = {
			isa = PBXSourcesBuildPhase;
			buildActionMask = 2147483647;
			files = (
				1AC320E42DE879A60052AF30 /* entry.cpp in Sources */,
				1AB907D22C43B13F00C7668A /* main.cpp in Sources */,
			);
			runOnlyForDeploymentPostprocessing = 0;
		};
/* End PBXSourcesBuildPhase section */

/* Begin XCBuildConfiguration section */
		1AB907C72C43AF1800C7668A /* Debug */ = {
			isa = XCBuildConfiguration;
			baseConfigurationReference = 1A35FF6A2DE8725700474805 /* paths.xcconfig */;
			buildSettings = {
				ALWAYS_SEARCH_USER_PATHS = NO;
				ASSETCATALOG_COMPILER_GENERATE_SWIFT_ASSET_SYMBOL_EXTENSIONS = YES;
				CLANG_ANALYZER_NONNULL = YES;
				CLANG_ANALYZER_NUMBER_OBJECT_CONVERSION = YES_AGGRESSIVE;
				CLANG_CXX_LANGUAGE_STANDARD = "c++20";
				CLANG_ENABLE_MODULES = YES;
				CLANG_ENABLE_OBJC_ARC = YES;
				CLANG_ENABLE_OBJC_WEAK = YES;
				CLANG_WARN_BLOCK_CAPTURE_AUTORELEASING = YES;
				CLANG_WARN_BOOL_CONVERSION = YES;
				CLANG_WARN_COMMA = YES;
				CLANG_WARN_CONSTANT_CONVERSION = YES;
				CLANG_WARN_DEPRECATED_OBJC_IMPLEMENTATIONS = YES;
				CLANG_WARN_DIRECT_OBJC_ISA_USAGE = YES_ERROR;
				CLANG_WARN_DOCUMENTATION_COMMENTS = YES;
				CLANG_WARN_EMPTY_BODY = YES;
				CLANG_WARN_ENUM_CONVERSION = YES;
				CLANG_WARN_INFINITE_RECURSION = YES;
				CLANG_WARN_INT_CONVERSION = YES;
				CLANG_WARN_NON_LITERAL_NULL_CONVERSION = YES;
				CLANG_WARN_OBJC_IMPLICIT_RETAIN_SELF = YES;
				CLANG_WARN_OBJC_LITERAL_CONVERSION = YES;
				CLANG_WARN_OBJC_ROOT_CLASS = YES_ERROR;
				CLANG_WARN_QUOTED_INCLUDE_IN_FRAMEWORK_HEADER = YES;
				CLANG_WARN_RANGE_LOOP_ANALYSIS = YES;
				CLANG_WARN_STRICT_PROTOTYPES = YES;
				CLANG_WARN_SUSPICIOUS_MOVE = YES;
				CLANG_WARN_UNGUARDED_AVAILABILITY = YES_AGGRESSIVE;
				CLANG_WARN_UNREACHABLE_CODE = YES;
				CLANG_WARN__DUPLICATE_METHOD_MATCH = YES;
				CODE_SIGN_ENTITLEMENTS = HardenedRT.entitlements;
				CODE_SIGN_IDENTITY = "-";
				DEAD_CODE_STRIPPING = YES;
				DEBUG_INFORMATION_FORMAT = dwarf;
				ENABLE_HARDENED_RUNTIME = YES;
				ENABLE_STRICT_OBJC_MSGSEND = YES;
				ENABLE_TESTABILITY = YES;
				ENABLE_USER_SCRIPT_SANDBOXING = YES;
				GCC_C_LANGUAGE_STANDARD = gnu17;
				GCC_ENABLE_CPP_RTTI = NO;
				GCC_FAST_MATH = YES;
				GCC_NO_COMMON_BLOCKS = YES;
				GCC_OPTIMIZATION_LEVEL = 0;
				GCC_PREPROCESSOR_DEFINITIONS = (
					"DEBUG=1",
					"$(inherited)",
				);
				GCC_WARN_64_TO_32_BIT_CONVERSION = YES;
				GCC_WARN_ABOUT_RETURN_TYPE = YES_ERROR;
				GCC_WARN_UNDECLARED_SELECTOR = YES;
				GCC_WARN_UNINITIALIZED_AUTOS = YES_AGGRESSIVE;
				GCC_WARN_UNUSED_FUNCTION = YES;
				GCC_WARN_UNUSED_VARIABLE = YES;
				LIBRARY_SEARCH_PATHS = "\"$(REFLEX_PATH)/bin/lib/macos/Debug\"";
				LOCALIZATION_PREFERS_STRING_CATALOGS = YES;
				MACOSX_DEPLOYMENT_TARGET = 11.0;
				MTL_ENABLE_DEBUG_INFO = INCLUDE_SOURCE;
				MTL_FAST_MATH = YES;
				ONLY_ACTIVE_ARCH = YES;
				OTHER_CFLAGS = "-ffast-math";
				OTHER_CPLUSPLUSFLAGS = (
					"$(OTHER_CFLAGS)",
					"-fpermissive",
				);
				OTHER_LDFLAGS = (
					"-lReflexCommon",
					"-lReflexTargetConsole",
				);
				PRODUCT_NAME = "_PRODUCT-NAME_";
				SDKROOT = macosx;
				USER_HEADER_SEARCH_PATHS = "\"/$(REFLEX_PATH)/include\"";
			};
			name = Debug;
		};
		1AB907C82C43AF1800C7668A /* Release */ = {
			isa = XCBuildConfiguration;
			baseConfigurationReference = 1A35FF6A2DE8725700474805 /* paths.xcconfig */;
			buildSettings = {
				ALWAYS_SEARCH_USER_PATHS = NO;
				ASSETCATALOG_COMPILER_GENERATE_SWIFT_ASSET_SYMBOL_EXTENSIONS = YES;
				CLANG_ANALYZER_NONNULL = YES;
				CLANG_ANALYZER_NUMBER_OBJECT_CONVERSION = YES_AGGRESSIVE;
				CLANG_CXX_LANGUAGE_STANDARD = "c++20";
				CLANG_ENABLE_MODULES = YES;
				CLANG_ENABLE_OBJC_ARC = YES;
				CLANG_ENABLE_OBJC_WEAK = YES;
				CLANG_WARN_BLOCK_CAPTURE_AUTORELEASING = YES;
				CLANG_WARN_BOOL_CONVERSION = YES;
				CLANG_WARN_COMMA = YES;
				CLANG_WARN_CONSTANT_CONVERSION = YES;
				CLANG_WARN_DEPRECATED_OBJC_IMPLEMENTATIONS = YES;
				CLANG_WARN_DIRECT_OBJC_ISA_USAGE = YES_ERROR;
				CLANG_WARN_DOCUMENTATION_COMMENTS = YES;
				CLANG_WARN_EMPTY_BODY = YES;
				CLANG_WARN_ENUM_CONVERSION = YES;
				CLANG_WARN_INFINITE_RECURSION = YES;
				CLANG_WARN_INT_CONVERSION = YES;
				CLANG_WARN_NON_LITERAL_NULL_CONVERSION = YES;
				CLANG_WARN_OBJC_IMPLICIT_RETAIN_SELF = YES;
				CLANG_WARN_OBJC_LITERAL_CONVERSION = YES;
				CLANG_WARN_OBJC_ROOT_CLASS = YES_ERROR;
				CLANG_WARN_QUOTED_INCLUDE_IN_FRAMEWORK_HEADER = YES;
				CLANG_WARN_RANGE_LOOP_ANALYSIS = YES;
				CLANG_WARN_STRICT_PROTOTYPES = YES;
				CLANG_WARN_SUSPICIOUS_MOVE = YES;
				CLANG_WARN_UNGUARDED_AVAILABILITY = YES_AGGRESSIVE;
				CLANG_WARN_UNREACHABLE_CODE = YES;
				CLANG_WARN__DUPLICATE_METHOD_MATCH = YES;
				CODE_SIGN_ENTITLEMENTS = HardenedRT.entitlements;
				CODE_SIGN_IDENTITY = "-";
				CODE_SIGN_INJECT_BASE_ENTITLEMENTS = NO;
				DEAD_CODE_STRIPPING = YES;
				DEBUG_INFORMATION_FORMAT = "dwarf-with-dsym";
				ENABLE_HARDENED_RUNTIME = YES;
				ENABLE_NS_ASSERTIONS = NO;
				ENABLE_STRICT_OBJC_MSGSEND = YES;
				ENABLE_USER_SCRIPT_SANDBOXING = YES;
				GCC_C_LANGUAGE_STANDARD = gnu17;
				GCC_ENABLE_CPP_RTTI = NO;
				GCC_FAST_MATH = YES;
				GCC_GENERATE_DEBUGGING_SYMBOLS = NO;
				GCC_NO_COMMON_BLOCKS = YES;
				GCC_UNROLL_LOOPS = YES;
				GCC_WARN_64_TO_32_BIT_CONVERSION = YES;
				GCC_WARN_ABOUT_RETURN_TYPE = YES_ERROR;
				GCC_WARN_UNDECLARED_SELECTOR = YES;
				GCC_WARN_UNINITIALIZED_AUTOS = YES_AGGRESSIVE;
				GCC_WARN_UNUSED_FUNCTION = YES;
				GCC_WARN_UNUSED_VARIABLE = YES;
				LIBRARY_SEARCH_PATHS = "\"$(REFLEX_PATH)/bin/lib/macos/Release\"";
				LOCALIZATION_PREFERS_STRING_CATALOGS = YES;
				MACOSX_DEPLOYMENT_TARGET = 11.0;
				MTL_ENABLE_DEBUG_INFO = NO;
				MTL_FAST_MATH = YES;
				OTHER_CFLAGS = "-ffast-math";
				OTHER_CPLUSPLUSFLAGS = (
					"$(OTHER_CFLAGS)",
					"-fpermissive",
				);
				OTHER_LDFLAGS = (
					"-lReflexCommon",
					"-lReflexTargetConsole",
				);
				PRODUCT_NAME = "_PRODUCT-NAME_";
				SDKROOT = macosx;
				USER_HEADER_SEARCH_PATHS = "\"/$(REFLEX_PATH)/include\"";
			};
			name = Release;
		};
		1AB907CA2C43AF1800C7668A /* Debug */ = {
			isa = XCBuildConfiguration;
			buildSettings = {
			};
			name = Debug;
		};
		1AB907CB2C43AF1800C7668A /* Release */ = {
			isa = XCBuildConfiguration;
			buildSettings = {
			};
			name = Release;
		};
/* End XCBuildConfiguration section */

/* Begin XCConfigurationList section */
		1AB907BD2C43AF1800C7668A /* Build configuration list for PBXProject "_PRODUCT-NAME_" */ = {
			isa = XCConfigurationList;
			buildConfigurations = (
				1AB907C72C43AF1800C7668A /* Debug */,
				1AB907C82C43AF1800C7668A /* Release */,
			);
			defaultConfigurationIsVisible = 0;
			defaultConfigurationName = Release;
		};
		1AB907C92C43AF1800C7668A /* Build configuration list for PBXNativeTarget "_PRODUCT-NAME_" */ = {
			isa = XCConfigurationList;
			buildConfigurations = (
				1AB907CA2C43AF1800C7668A /* Debug */,
				1AB907CB2C43AF1800C7668A /* Release */,
			);
			defaultConfigurationIsVisible = 0;
			defaultConfigurationName = Release;
		};
/* End XCConfigurationList section */
	};
	rootObject = 1AB907BA2C43AF1800C7668A /* Project object */;
}
