// !$*UTF8*$!
{
	archiveVersion = 1;
	classes = {
	};
	objectVersion = 56;
	objects = {

/* Begin PBXBuildFile section */
		175322A92C4E2287001D49B3 /* entry.cpp in Sources */ = {isa = PBXBuildFile; fileRef = 175322A62C4E2287001D49B3 /* entry.cpp */; };
		175322AA2C4E2287001D49B3 /* app.cpp in Sources */ = {isa = PBXBuildFile; fileRef = 175322A82C4E2287001D49B3 /* app.cpp */; };
		1758590E2C35557C00EA871E /* QuartzCore.framework in Frameworks */ = {isa = PBXBuildFile; fileRef = 1758590D2C35557C00EA871E /* QuartzCore.framework */; };
		175859102C35559900EA871E /* UIKit.framework in Frameworks */ = {isa = PBXBuildFile; fileRef = 1758590F2C35559900EA871E /* UIKit.framework */; };
		175859142C3555AE00EA871E /* Metal.framework in Frameworks */ = {isa = PBXBuildFile; fileRef = 175859132C3555AE00EA871E /* Metal.framework */; };
		1781143C2C3648D600E9C968 /* Foundation.framework in Frameworks */ = {isa = PBXBuildFile; fileRef = 1781143B2C3648D600E9C968 /* Foundation.framework */; };
		1796D1A42D150E460068430A /* UniformTypeIdentifiers.framework in Frameworks */ = {isa = PBXBuildFile; fileRef = 1796D1A32D150E460068430A /* UniformTypeIdentifiers.framework */; };
		17992F4F2B8EE8A5003FC4A9 /* Main.storyboard in Resources */ = {isa = PBXBuildFile; fileRef = 17992F4B2B8EE8A5003FC4A9 /* Main.storyboard */; };
		17992F502B8EE8A5003FC4A9 /* LaunchScreen.storyboard in Resources */ = {isa = PBXBuildFile; fileRef = 17992F4D2B8EE8A5003FC4A9 /* LaunchScreen.storyboard */; };
		17992F522B8EE8AF003FC4A9 /* Assets.xcassets in Resources */ = {isa = PBXBuildFile; fileRef = 17992F512B8EE8AF003FC4A9 /* Assets.xcassets */; };
		17FEE54E2BC567FA00C599C5 /* resources.cpp in Sources */ = {isa = PBXBuildFile; fileRef = 17FEE5492BC567FA00C599C5 /* resources.cpp */; };
		17FEE54F2BC567FA00C599C5 /* view.cpp in Sources */ = {isa = PBXBuildFile; fileRef = 17FEE54B2BC567FA00C599C5 /* view.cpp */; };
		17FEE5542BC5686800C599C5 /* bootstrap.cpp in Sources */ = {isa = PBXBuildFile; fileRef = 17FEE5532BC5686800C599C5 /* bootstrap.cpp */; };
		1A1BBFD32DE88F6D00D47DC4 /* paths.xcconfig in Resources */ = {isa = PBXBuildFile; fileRef = 1A1BBFD22DE88F6D00D47DC4 /* paths.xcconfig */; };
/* End PBXBuildFile section */

/* Begin PBXFileReference section */
		175322A62C4E2287001D49B3 /* entry.cpp */ = {isa = PBXFileReference; fileEncoding = 4; lastKnownFileType = sourcecode.cpp.cpp; name = entry.cpp; path = ../../code/entry.cpp; sourceTree = "<group>"; };
		175322A82C4E2287001D49B3 /* app.cpp */ = {isa = PBXFileReference; fileEncoding = 4; lastKnownFileType = sourcecode.cpp.cpp; name = app.cpp; path = ../../code/app.cpp; sourceTree = "<group>"; };
		1758590D2C35557C00EA871E /* QuartzCore.framework */ = {isa = PBXFileReference; lastKnownFileType = wrapper.framework; name = QuartzCore.framework; path = System/Library/Frameworks/QuartzCore.framework; sourceTree = SDKROOT; };
		1758590F2C35559900EA871E /* UIKit.framework */ = {isa = PBXFileReference; lastKnownFileType = wrapper.framework; name = UIKit.framework; path = System/Library/Frameworks/UIKit.framework; sourceTree = SDKROOT; };
		175859132C3555AE00EA871E /* Metal.framework */ = {isa = PBXFileReference; lastKnownFileType = wrapper.framework; name = Metal.framework; path = System/Library/Frameworks/Metal.framework; sourceTree = SDKROOT; };
		1781143B2C3648D600E9C968 /* Foundation.framework */ = {isa = PBXFileReference; lastKnownFileType = wrapper.framework; name = Foundation.framework; path = System/Library/Frameworks/Foundation.framework; sourceTree = SDKROOT; };
		17839E6C2B8EE7FB001E3A78 /* _PRODUCT-NAME_.app */ = {isa = PBXFileReference; explicitFileType = wrapper.application; includeInIndex = 0; path = "_PRODUCT-NAME_.app"; sourceTree = BUILT_PRODUCTS_DIR; };
		1796D1A32D150E460068430A /* UniformTypeIdentifiers.framework */ = {isa = PBXFileReference; lastKnownFileType = wrapper.framework; name = UniformTypeIdentifiers.framework; path = System/Library/Frameworks/UniformTypeIdentifiers.framework; sourceTree = SDKROOT; };
		17992F3F2B8EE888003FC4A9 /* Info.plist */ = {isa = PBXFileReference; fileEncoding = 4; lastKnownFileType = text.plist.xml; path = Info.plist; sourceTree = "<group>"; };
		17992F4C2B8EE8A5003FC4A9 /* Base */ = {isa = PBXFileReference; lastKnownFileType = file.storyboard; name = Base; path = Base.lproj/Main.storyboard; sourceTree = "<group>"; };
		17992F4E2B8EE8A5003FC4A9 /* Base */ = {isa = PBXFileReference; lastKnownFileType = file.storyboard; name = Base; path = Base.lproj/LaunchScreen.storyboard; sourceTree = "<group>"; };
		17992F512B8EE8AF003FC4A9 /* Assets.xcassets */ = {isa = PBXFileReference; lastKnownFileType = folder.assetcatalog; path = Assets.xcassets; sourceTree = "<group>"; };
		17FEE5492BC567FA00C599C5 /* resources.cpp */ = {isa = PBXFileReference; fileEncoding = 4; lastKnownFileType = sourcecode.cpp.cpp; name = resources.cpp; path = ../../code/resources.cpp; sourceTree = "<group>"; };
		17FEE54B2BC567FA00C599C5 /* view.cpp */ = {isa = PBXFileReference; fileEncoding = 4; lastKnownFileType = sourcecode.cpp.cpp; name = view.cpp; path = ../../code/view.cpp; sourceTree = "<group>"; };
		17FEE5532BC5686800C599C5 /* bootstrap.cpp */ = {isa = PBXFileReference; fileEncoding = 4; lastKnownFileType = sourcecode.cpp.cpp; name = bootstrap.cpp; path = "$(REFLEX_PATH)/src/reflex_ext/bootstrap.cpp"; sourceTree = "<absolute>"; };
		1A1BBFD22DE88F6D00D47DC4 /* paths.xcconfig */ = {isa = PBXFileReference; fileEncoding = 4; lastKnownFileType = text.xcconfig; path = paths.xcconfig; sourceTree = "<group>"; };
/* End PBXFileReference section */

/* Begin PBXFrameworksBuildPhase section */
		17839E692B8EE7FB001E3A78 /* Frameworks */ = {
			isa = PBXFrameworksBuildPhase;
			buildActionMask = 2147483647;
			files = (
				1796D1A42D150E460068430A /* UniformTypeIdentifiers.framework in Frameworks */,
				1781143C2C3648D600E9C968 /* Foundation.framework in Frameworks */,
				175859142C3555AE00EA871E /* Metal.framework in Frameworks */,
				1758590E2C35557C00EA871E /* QuartzCore.framework in Frameworks */,
				175859102C35559900EA871E /* UIKit.framework in Frameworks */,
			);
			runOnlyForDeploymentPostprocessing = 0;
		};
/* End PBXFrameworksBuildPhase section */

/* Begin PBXGroup section */
		1772A6132BAB10440090A0A1 /* Frameworks */ = {
			isa = PBXGroup;
			children = (
				1796D1A32D150E460068430A /* UniformTypeIdentifiers.framework */,
				1781143B2C3648D600E9C968 /* Foundation.framework */,
				175859132C3555AE00EA871E /* Metal.framework */,
				1758590D2C35557C00EA871E /* QuartzCore.framework */,
				1758590F2C35559900EA871E /* UIKit.framework */,
			);
			name = Frameworks;
			sourceTree = "<group>";
		};
		17839E632B8EE7FB001E3A78 = {
			isa = PBXGroup;
			children = (
				1A1BBFD22DE88F6D00D47DC4 /* paths.xcconfig */,
				1772A6132BAB10440090A0A1 /* Frameworks */,
				17FEE5472BC567E500C599C5 /* Reflex */,
				17C1BB9B2BADDE97003BE009 /* Resources */,
				175322A82C4E2287001D49B3 /* app.cpp */,
				175322A62C4E2287001D49B3 /* entry.cpp */,
				17FEE5492BC567FA00C599C5 /* resources.cpp */,
				17FEE54B2BC567FA00C599C5 /* view.cpp */,
				17839E6D2B8EE7FB001E3A78 /* Products */,
			);
			sourceTree = "<group>";
		};
		17839E6D2B8EE7FB001E3A78 /* Products */ = {
			isa = PBXGroup;
			children = (
				17839E6C2B8EE7FB001E3A78 /* _PRODUCT-NAME_.app */,
			);
			name = Products;
			sourceTree = "<group>";
		};
		17C1BB9B2BADDE97003BE009 /* Resources */ = {
			isa = PBXGroup;
			children = (
				17992F4B2B8EE8A5003FC4A9 /* Main.storyboard */,
				17992F512B8EE8AF003FC4A9 /* Assets.xcassets */,
				17992F4D2B8EE8A5003FC4A9 /* LaunchScreen.storyboard */,
				17992F3F2B8EE888003FC4A9 /* Info.plist */,
			);
			name = Resources;
			sourceTree = "<group>";
		};
		17FEE5472BC567E500C599C5 /* Reflex */ = {
			isa = PBXGroup;
			children = (
				17FEE5532BC5686800C599C5 /* bootstrap.cpp */,
			);
			name = Reflex;
			sourceTree = "<group>";
		};
/* End PBXGroup section */

/* Begin PBXNativeTarget section */
		17839E6B2B8EE7FB001E3A78 /* App */ = {
			isa = PBXNativeTarget;
			buildConfigurationList = 17839E852B8EE7FD001E3A78 /* Build configuration list for PBXNativeTarget "App" */;
			buildPhases = (
				175245602CEA63CB00587791 /* ShellScript */,
				17839E682B8EE7FB001E3A78 /* Sources */,
				17839E692B8EE7FB001E3A78 /* Frameworks */,
				17839E6A2B8EE7FB001E3A78 /* Resources */,
			);
			buildRules = (
			);
			dependencies = (
			);
			name = App;
			productName = "$(PRODUCT_NAME)";
			productReference = 17839E6C2B8EE7FB001E3A78 /* _PRODUCT-NAME_.app */;
			productType = "com.apple.product-type.application";
		};
/* End PBXNativeTarget section */

/* Begin PBXProject section */
		17839E642B8EE7FB001E3A78 /* Project object */ = {
			isa = PBXProject;
			attributes = {
				BuildIndependentTargetsInParallel = 1;
				LastUpgradeCheck = 1520;
				TargetAttributes = {
					17839E6B2B8EE7FB001E3A78 = {
						CreatedOnToolsVersion = 15.2;
					};
				};
			};
			buildConfigurationList = 17839E672B8EE7FB001E3A78 /* Build configuration list for PBXProject "_PRODUCT-NAME_ (iOS)" */;
			compatibilityVersion = "Xcode 14.0";
			developmentRegion = en;
			hasScannedForEncodings = 0;
			knownRegions = (
				en,
				Base,
			);
			mainGroup = 17839E632B8EE7FB001E3A78;
			productRefGroup = 17839E6D2B8EE7FB001E3A78 /* Products */;
			projectDirPath = "";
			projectRoot = "";
			targets = (
				17839E6B2B8EE7FB001E3A78 /* App */,
			);
		};
/* End PBXProject section */

/* Begin PBXResourcesBuildPhase section */
		17839E6A2B8EE7FB001E3A78 /* Resources */ = {
			isa = PBXResourcesBuildPhase;
			buildActionMask = 2147483647;
			files = (
				17992F4F2B8EE8A5003FC4A9 /* Main.storyboard in Resources */,
				1A1BBFD32DE88F6D00D47DC4 /* paths.xcconfig in Resources */,
				17992F502B8EE8A5003FC4A9 /* LaunchScreen.storyboard in Resources */,
				17992F522B8EE8AF003FC4A9 /* Assets.xcassets in Resources */,
			);
			runOnlyForDeploymentPostprocessing = 0;
		};
/* End PBXResourcesBuildPhase section */

/* Begin PBXShellScriptBuildPhase section */
		175245602CEA63CB00587791 /* ShellScript */ = {
			isa = PBXShellScriptBuildPhase;
			alwaysOutOfDate = 1;
			buildActionMask = 2147483647;
			files = (
			);
			inputFileListPaths = (
			);
			inputPaths = (
			);
			outputFileListPaths = (
			);
			outputPaths = (
			);
			runOnlyForDeploymentPostprocessing = 0;
			shellPath = /bin/sh;
			shellScript = "\"$REFLEX_PATH/bin/tools/macos/ReflexResourceBuilder.app/Contents/MacOS/ReflexResourceBuilder\" \"$PROJECT_DIR/../../resources.xml\"\n";
			showEnvVarsInLog = 0;
		};
/* End PBXShellScriptBuildPhase section */

/* Begin PBXSourcesBuildPhase section */
		17839E682B8EE7FB001E3A78 /* Sources */ = {
			isa = PBXSourcesBuildPhase;
			buildActionMask = 2147483647;
			files = (
				17FEE5542BC5686800C599C5 /* bootstrap.cpp in Sources */,
				175322A92C4E2287001D49B3 /* entry.cpp in Sources */,
				175322AA2C4E2287001D49B3 /* app.cpp in Sources */,
				17FEE54E2BC567FA00C599C5 /* resources.cpp in Sources */,
				17FEE54F2BC567FA00C599C5 /* view.cpp in Sources */,
			);
			runOnlyForDeploymentPostprocessing = 0;
		};
/* End PBXSourcesBuildPhase section */

/* Begin PBXVariantGroup section */
		17992F4B2B8EE8A5003FC4A9 /* Main.storyboard */ = {
			isa = PBXVariantGroup;
			children = (
				17992F4C2B8EE8A5003FC4A9 /* Base */,
			);
			name = Main.storyboard;
			sourceTree = "<group>";
		};
		17992F4D2B8EE8A5003FC4A9 /* LaunchScreen.storyboard */ = {
			isa = PBXVariantGroup;
			children = (
				17992F4E2B8EE8A5003FC4A9 /* Base */,
			);
			name = LaunchScreen.storyboard;
			sourceTree = "<group>";
		};
/* End PBXVariantGroup section */

/* Begin XCBuildConfiguration section */
		17839E832B8EE7FD001E3A78 /* Debug */ = {
			isa = XCBuildConfiguration;
			baseConfigurationReference = 1A1BBFD22DE88F6D00D47DC4 /* paths.xcconfig */;
			buildSettings = {
				ALWAYS_SEARCH_USER_PATHS = NO;
				ASSETCATALOG_COMPILER_GENERATE_SWIFT_ASSET_SYMBOL_EXTENSIONS = YES;
				CLANG_ANALYZER_NONNULL = YES;
				CLANG_ANALYZER_NUMBER_OBJECT_CONVERSION = YES_AGGRESSIVE;
				CLANG_CXX_LANGUAGE_STANDARD = "c++20";
				CLANG_ENABLE_MODULES = YES;
				CLANG_ENABLE_OBJC_ARC = YES;
				CLANG_ENABLE_OBJC_WEAK = YES;
				CLANG_WARN_BLOCK_CAPTURE_AUTORELEASING = YES;
				CLANG_WARN_BOOL_CONVERSION = YES;
				CLANG_WARN_COMMA = YES;
				CLANG_WARN_CONSTANT_CONVERSION = YES;
				CLANG_WARN_DEPRECATED_OBJC_IMPLEMENTATIONS = YES;
				CLANG_WARN_DIRECT_OBJC_ISA_USAGE = YES_ERROR;
				CLANG_WARN_DOCUMENTATION_COMMENTS = YES;
				CLANG_WARN_EMPTY_BODY = YES;
				CLANG_WARN_ENUM_CONVERSION = YES;
				CLANG_WARN_INFINITE_RECURSION = YES;
				CLANG_WARN_INT_CONVERSION = YES;
				CLANG_WARN_NON_LITERAL_NULL_CONVERSION = YES;
				CLANG_WARN_OBJC_IMPLICIT_RETAIN_SELF = YES;
				CLANG_WARN_OBJC_LITERAL_CONVERSION = YES;
				CLANG_WARN_OBJC_ROOT_CLASS = YES_ERROR;
				CLANG_WARN_QUOTED_INCLUDE_IN_FRAMEWORK_HEADER = YES;
				CLANG_WARN_RANGE_LOOP_ANALYSIS = YES;
				CLANG_WARN_STRICT_PROTOTYPES = YES;
				CLANG_WARN_SUSPICIOUS_MOVE = YES;
				CLANG_WARN_UNGUARDED_AVAILABILITY = YES_AGGRESSIVE;
				CLANG_WARN_UNREACHABLE_CODE = YES;
				CLANG_WARN__DUPLICATE_METHOD_MATCH = YES;
				COPY_PHASE_STRIP = NO;
				DEBUG_INFORMATION_FORMAT = dwarf;
				ENABLE_STRICT_OBJC_MSGSEND = YES;
				ENABLE_TESTABILITY = YES;
				ENABLE_USER_SCRIPT_SANDBOXING = YES;
				EXCLUDED_ARCHS = "x86_64 i386";
				GCC_C_LANGUAGE_STANDARD = gnu17;
				GCC_DYNAMIC_NO_PIC = NO;
				GCC_ENABLE_CPP_RTTI = NO;
				GCC_NO_COMMON_BLOCKS = YES;
				GCC_OPTIMIZATION_LEVEL = 0;
				GCC_PREPROCESSOR_DEFINITIONS = (
					"DEBUG=1",
					"$(inherited)",
				);
				GCC_WARN_64_TO_32_BIT_CONVERSION = YES;
				GCC_WARN_ABOUT_RETURN_TYPE = YES_ERROR;
				GCC_WARN_UNDECLARED_SELECTOR = YES;
				GCC_WARN_UNINITIALIZED_AUTOS = YES_AGGRESSIVE;
				GCC_WARN_UNUSED_FUNCTION = YES;
				GCC_WARN_UNUSED_VARIABLE = YES;
				IPHONEOS_DEPLOYMENT_TARGET = 14.0;
				LOCALIZATION_PREFERS_STRING_CATALOGS = YES;
				MTL_ENABLE_DEBUG_INFO = INCLUDE_SOURCE;
				MTL_FAST_MATH = YES;
				ONLY_ACTIVE_ARCH = YES;
				OTHER_CFLAGS = (
					"-Wno-switch",
					"-Wno-deprecated-volatile",
					"-Wno-ambiguous-reversed-operator",
				);
				SDKROOT = iphoneos;
				USER_HEADER_SEARCH_PATHS = "\"$(REFLEX_PATH)/include\"";
			};
			name = Debug;
		};
		17839E842B8EE7FD001E3A78 /* Release */ = {
			isa = XCBuildConfiguration;
			baseConfigurationReference = 1A1BBFD22DE88F6D00D47DC4 /* paths.xcconfig */;
			buildSettings = {
				ALWAYS_SEARCH_USER_PATHS = NO;
				ASSETCATALOG_COMPILER_GENERATE_SWIFT_ASSET_SYMBOL_EXTENSIONS = YES;
				CLANG_ANALYZER_NONNULL = YES;
				CLANG_ANALYZER_NUMBER_OBJECT_CONVERSION = YES_AGGRESSIVE;
				CLANG_CXX_LANGUAGE_STANDARD = "c++20";
				CLANG_ENABLE_MODULES = YES;
				CLANG_ENABLE_OBJC_ARC = YES;
				CLANG_ENABLE_OBJC_WEAK = YES;
				CLANG_WARN_BLOCK_CAPTURE_AUTORELEASING = YES;
				CLANG_WARN_BOOL_CONVERSION = YES;
				CLANG_WARN_COMMA = YES;
				CLANG_WARN_CONSTANT_CONVERSION = YES;
				CLANG_WARN_DEPRECATED_OBJC_IMPLEMENTATIONS = YES;
				CLANG_WARN_DIRECT_OBJC_ISA_USAGE = YES_ERROR;
				CLANG_WARN_DOCUMENTATION_COMMENTS = YES;
				CLANG_WARN_EMPTY_BODY = YES;
				CLANG_WARN_ENUM_CONVERSION = YES;
				CLANG_WARN_INFINITE_RECURSION = YES;
				CLANG_WARN_INT_CONVERSION = YES;
				CLANG_WARN_NON_LITERAL_NULL_CONVERSION = YES;
				CLANG_WARN_OBJC_IMPLICIT_RETAIN_SELF = YES;
				CLANG_WARN_OBJC_LITERAL_CONVERSION = YES;
				CLANG_WARN_OBJC_ROOT_CLASS = YES_ERROR;
				CLANG_WARN_QUOTED_INCLUDE_IN_FRAMEWORK_HEADER = YES;
				CLANG_WARN_RANGE_LOOP_ANALYSIS = YES;
				CLANG_WARN_STRICT_PROTOTYPES = YES;
				CLANG_WARN_SUSPICIOUS_MOVE = YES;
				CLANG_WARN_UNGUARDED_AVAILABILITY = YES_AGGRESSIVE;
				CLANG_WARN_UNREACHABLE_CODE = YES;
				CLANG_WARN__DUPLICATE_METHOD_MATCH = YES;
				COPY_PHASE_STRIP = NO;
				DEBUG_INFORMATION_FORMAT = "dwarf-with-dsym";
				ENABLE_NS_ASSERTIONS = NO;
				ENABLE_STRICT_OBJC_MSGSEND = YES;
				ENABLE_USER_SCRIPT_SANDBOXING = YES;
				EXCLUDED_ARCHS = "x86_64 i386";
				GCC_C_LANGUAGE_STANDARD = gnu17;
				GCC_ENABLE_CPP_RTTI = NO;
				GCC_NO_COMMON_BLOCKS = YES;
				GCC_WARN_64_TO_32_BIT_CONVERSION = YES;
				GCC_WARN_ABOUT_RETURN_TYPE = YES_ERROR;
				GCC_WARN_UNDECLARED_SELECTOR = YES;
				GCC_WARN_UNINITIALIZED_AUTOS = YES_AGGRESSIVE;
				GCC_WARN_UNUSED_FUNCTION = YES;
				GCC_WARN_UNUSED_VARIABLE = YES;
				IPHONEOS_DEPLOYMENT_TARGET = 14.0;
				LOCALIZATION_PREFERS_STRING_CATALOGS = YES;
				MTL_ENABLE_DEBUG_INFO = NO;
				MTL_FAST_MATH = YES;
				OTHER_CFLAGS = (
					"-Wno-switch",
					"-Wno-deprecated-volatile",
					"-Wno-ambiguous-reversed-operator",
				);
				SDKROOT = iphoneos;
				USER_HEADER_SEARCH_PATHS = "\"$(REFLEX_PATH)/include\"";
				VALIDATE_PRODUCT = YES;
			};
			name = Release;
		};
		17839E862B8EE7FD001E3A78 /* Debug */ = {
			isa = XCBuildConfiguration;
			buildSettings = {
				ASSETCATALOG_COMPILER_APPICON_NAME = AppIcon;
				ASSETCATALOG_COMPILER_GLOBAL_ACCENT_COLOR_NAME = AccentColor;
				CODE_SIGN_STYLE = Automatic;
				CURRENT_PROJECT_VERSION = 1;
				GENERATE_INFOPLIST_FILE = YES;
				INFOPLIST_FILE = Info.plist;
				INFOPLIST_KEY_NSMicrophoneUsageDescription = "_PRODUCT-NAME_ would like to access the microphone";
				INFOPLIST_KEY_UIApplicationSupportsIndirectInputEvents = YES;
				INFOPLIST_KEY_UILaunchStoryboardName = LaunchScreen;
				INFOPLIST_KEY_UIMainStoryboardFile = Main;
				INFOPLIST_KEY_UISupportedInterfaceOrientations_iPad = "UIInterfaceOrientationPortrait UIInterfaceOrientationPortraitUpsideDown UIInterfaceOrientationLandscapeLeft UIInterfaceOrientationLandscapeRight";
				INFOPLIST_KEY_UISupportedInterfaceOrientations_iPhone = "UIInterfaceOrientationPortrait UIInterfaceOrientationLandscapeLeft UIInterfaceOrientationLandscapeRight";
				LD_RUNPATH_SEARCH_PATHS = (
					"$(inherited)",
					"@executable_path/Frameworks",
				);
				LIBRARY_SEARCH_PATHS = "\"$(REFLEX_PATH)/bin/lib/ios/$(CONFIGURATION)-$(PLATFORM_NAME)\"";
				MARKETING_VERSION = 1.0;
				OTHER_LDFLAGS = (
					"-lReflexCommon",
					"-lReflexCommonUi",
					"-lReflexTargetApp",
				);
				PRODUCT_BUNDLE_IDENTIFIER = "com._VENDOR-NAME-SYMBOL-LOWER_._PRODUCT-NAME-SYMBOL-LOWER_";
				PRODUCT_NAME = "_PRODUCT-NAME_";
				SWIFT_EMIT_LOC_STRINGS = YES;
				TARGETED_DEVICE_FAMILY = "1,2";
			};
			name = Debug;
		};
		17839E872B8EE7FD001E3A78 /* Release */ = {
			isa = XCBuildConfiguration;
			buildSettings = {
				ASSETCATALOG_COMPILER_APPICON_NAME = AppIcon;
				ASSETCATALOG_COMPILER_GLOBAL_ACCENT_COLOR_NAME = AccentColor;
				CODE_SIGN_STYLE = Automatic;
				CURRENT_PROJECT_VERSION = 1;
				GENERATE_INFOPLIST_FILE = YES;
				INFOPLIST_FILE = Info.plist;
				INFOPLIST_KEY_NSMicrophoneUsageDescription = "_PRODUCT-NAME_ would like to access the microphone";
				INFOPLIST_KEY_UIApplicationSupportsIndirectInputEvents = YES;
				INFOPLIST_KEY_UILaunchStoryboardName = LaunchScreen;
				INFOPLIST_KEY_UIMainStoryboardFile = Main;
				INFOPLIST_KEY_UISupportedInterfaceOrientations_iPad = "UIInterfaceOrientationPortrait UIInterfaceOrientationPortraitUpsideDown UIInterfaceOrientationLandscapeLeft UIInterfaceOrientationLandscapeRight";
				INFOPLIST_KEY_UISupportedInterfaceOrientations_iPhone = "UIInterfaceOrientationPortrait UIInterfaceOrientationLandscapeLeft UIInterfaceOrientationLandscapeRight";
				LD_RUNPATH_SEARCH_PATHS = (
					"$(inherited)",
					"@executable_path/Frameworks",
				);
				LIBRARY_SEARCH_PATHS = "\"$(REFLEX_PATH)/bin/lib/ios/$(CONFIGURATION)-$(PLATFORM_NAME)\"";
				MARKETING_VERSION = 1.0;
				OTHER_LDFLAGS = (
					"-lReflexCommon",
					"-lReflexCommonUi",
					"-lReflexTargetApp",
				);
				PRODUCT_BUNDLE_IDENTIFIER = "com._VENDOR-NAME-SYMBOL-LOWER_._PRODUCT-NAME-SYMBOL-LOWER_";
				PRODUCT_NAME = "_PRODUCT-NAME_";
				SWIFT_EMIT_LOC_STRINGS = YES;
				TARGETED_DEVICE_FAMILY = "1,2";
			};
			name = Release;
		};
/* End XCBuildConfiguration section */

/* Begin XCConfigurationList section */
		17839E672B8EE7FB001E3A78 /* Build configuration list for PBXProject "_PRODUCT-NAME_ (iOS)" */ = {
			isa = XCConfigurationList;
			buildConfigurations = (
				17839E832B8EE7FD001E3A78 /* Debug */,
				17839E842B8EE7FD001E3A78 /* Release */,
			);
			defaultConfigurationIsVisible = 0;
			defaultConfigurationName = Release;
		};
		17839E852B8EE7FD001E3A78 /* Build configuration list for PBXNativeTarget "App" */ = {
			isa = XCConfigurationList;
			buildConfigurations = (
				17839E862B8EE7FD001E3A78 /* Debug */,
				17839E872B8EE7FD001E3A78 /* Release */,
			);
			defaultConfigurationIsVisible = 0;
			defaultConfigurationName = Release;
		};
/* End XCConfigurationList section */
	};
	rootObject = 17839E642B8EE7FB001E3A78 /* Project object */;
}
